github.com/chanxuehong/rand v0.0.0-20180830053958-4b3aff17f488 h1:6d1ijTov542DDRWsFdnPYeGWnlRxlzbpEaJuNJtBQiU=
github.com/chanxuehong/rand v0.0.0-20180830053958-4b3aff17f488/go.mod h1:h13adSJmQ5tsaV9bR72eTp7ePXJ2WIWyK6heLeietxA=
github.com/chanxuehong/util v0.0.0-20200304121633-ca8141845b13 h1:c1vUDbnwvu5d2ucfzXvMzBWzeu5IxPvtESOFPl3CieA=
github.com/chanxuehong/util v0.0.0-20200304121633-ca8141845b13/go.mod h1:XEYt99iTxMqkv+gW85JX/DdUINHUe43Sbe5AtqSaDAQ=
