github.com/chanxuehong/rand v0.0.0-20211009035549-2f07823e8e99 h1:K62Lb6bsgLOB++z/VAvRvtiEBdNCuMfmQGTGGWMdPpM=
github.com/chanxuehong/rand v0.0.0-20211009035549-2f07823e8e99/go.mod h1:9+sJ9zvvkXC5sPjPEZM3Jpb9n2Q2VtcrGZly0UHYF5I=
github.com/chanxuehong/util v0.0.0-20200304121633-ca8141845b13 h1:c1vUDbnwvu5d2ucfzXvMzBWzeu5IxPvtESOFPl3CieA=
github.com/chanxuehong/util v0.0.0-20200304121633-ca8141845b13/go.mod h1:XEYt99iTxMqkv+gW85JX/DdUINHUe43Sbe5AtqSaDAQ=
github.com/dgrijalva/jwt-go v3.2.0+incompatible h1:7qlOGliEKZXTDg6OTjfoBKDXWrumCAMpl/TFQ4/5kLM=
github.com/dgrijalva/jwt-go v3.2.0+incompatible/go.mod h1:E3ru+11k8xSBh+hMPgOLZmtrrCbhqsmaPHjLKYnJCaQ=
gopkg.in/dgrijalva/jwt-go.v3 v3.2.0 h1:N46iQqOtHry7Hxzb9PGrP68oovQmj7EhudNoKHvbOvI=
gopkg.in/dgrijalva/jwt-go.v3 v3.2.0/go.mod h1:hdNXC2Z9yC029rvsQ/on2ZNQ44Z2XToVhpXXbR+J05A=
